
Microsoft Visual Studio Solution File, Format Version 12.00
# Visual Studio Version 16
VisualStudioVersion = 16.0.32413.511
MinimumVisualStudioVersion = 10.0.40219.1
Project("{FAE04EC0-301F-11D3-BF4B-00C04F79EFBC}") = "Encode and Decode TinyURL", "Encode and Decode TinyURL\Encode and Decode TinyURL.csproj", "{162D36B6-031F-475A-91BB-239829D7EC23}"
EndProject
Global
	GlobalSection(SolutionConfigurationPlatforms) = preSolution
		Debug|Any CPU = Debug|Any CPU
		Release|Any CPU = Release|Any CPU
	EndGlobalSection
	GlobalSection(ProjectConfigurationPlatforms) = postSolution
		{162D36B6-031F-475A-91BB-239829D7EC23}.Debug|Any CPU.ActiveCfg = Debug|Any CPU
		{162D36B6-031F-475A-91BB-239829D7EC23}.Debug|Any CPU.Build.0 = Debug|Any CPU
		{162D36B6-031F-475A-91BB-239829D7EC23}.Release|Any CPU.ActiveCfg = Release|Any CPU
		{162D36B6-031F-475A-91BB-239829D7EC23}.Release|Any CPU.Build.0 = Release|Any CPU
	EndGlobalSection
	GlobalSection(SolutionProperties) = preSolution
		HideSolutionNode = FALSE
	EndGlobalSection
	GlobalSection(ExtensibilityGlobals) = postSolution
		SolutionGuid = {86F76DEA-E224-4601-9991-2F9AAA3B34F8}
	EndGlobalSection
EndGlobal
